schema: '2.0'
stages:
  preprocess:
    cmd: python -m src.data.preprocess
    deps:
    - path: data/raw/transactions.csv
      hash: md5
      md5: 782aae190badb2b0d4e673187d09633a
      size: 3758
    - path: src/data/preprocess.py
      hash: md5
      md5: 32ed753e449b9e859d61c7ce60920e13
      size: 6212
    outs:
    - path: data/processed/
      hash: md5
      md5: ce304c44da51c675e8e604ee51465845.dir
      size: 643
      nfiles: 3
  train:
    cmd: python src/train.py
    deps:
    - path: data/processed/
      hash: md5
      md5: 23f1b8fb26132df2c6b920edaa875d28.dir
      size: 14030
      nfiles: 4
    - path: src/train.py
      hash: md5
      md5: 0f744e8ba9cbf612ba0fa4497fd6bfb9
      size: 4441
    outs:
    - path: models/expense_model.tflite
      hash: md5
      md5: 263212f98762193c0f738a5b15fbd1c5
      size: 353364
  train_lstm:
    cmd: python -m src.training.train_lstm
    deps:
    - path: data/processed/
      hash: md5
      md5: ce304c44da51c675e8e604ee51465845.dir
      size: 643
      nfiles: 3
    - path: src/training/train_lstm.py
      hash: md5
      md5: bfcfb5cc1857a2440ba3580c54eb7d73
      size: 5159
    outs:
    - path: models/expense_model.tflite
      hash: md5
      md5: 4f5057a50d996797e7faf78aa7154864
      size: 30768
    - path: models/meta_lstm.joblib
      hash: md5
      md5: c1e1ddb20aa915957e069588994f90c7
      size: 59
  train_lgbm:
    cmd: python -m src.training.train_lgbm
    deps:
    - path: data/raw/transactions.csv
      hash: md5
      md5: 782aae190badb2b0d4e673187d09633a
      size: 3758
    - path: src/training/train_lgbm.py
      hash: md5
      md5: d03acf31307125edb7942ab5a39ef208
      size: 7775
    outs:
    - path: models/category_forecast_lgbm.joblib
      hash: md5
      md5: 0510174f4db05d89eb3514d90ecb5c18
      size: 566246
  train_iforest:
    cmd: python -m src.training.train_iforest
    deps:
    - path: data/raw/transactions.csv
      hash: md5
      md5: 782aae190badb2b0d4e673187d09633a
      size: 3758
    - path: src/training/train_iforest.py
      hash: md5
      md5: ad9ea6ae4ea389a6980712560cec8749
      size: 4271
    outs:
    - path: models/anomaly_iforest.joblib
      hash: md5
      md5: fa7e16b6ad85422f1e1f7b6f83c58517
      size: 1409786
